
Microsoft Visual Studio Solution File, Format Version 12.00
# Visual Studio Version 17
VisualStudioVersion = 17.5.33502.453
MinimumVisualStudioVersion = 10.0.40219.1
Project("{FAE04EC0-301F-11D3-BF4B-00C04F79EFBC}") = "p9Rehber", "p9Rehber\p9Rehber.csproj", "{B0F7C78B-FC62-41D8-8ADC-1BB72D874AE4}"
EndProject
Global
	GlobalSection(SolutionConfigurationPlatforms) = preSolution
		Debug|Any CPU = Debug|Any CPU
		Release|Any CPU = Release|Any CPU
	EndGlobalSection
	GlobalSection(ProjectConfigurationPlatforms) = postSolution
		{B0F7C78B-FC62-41D8-8ADC-1BB72D874AE4}.Debug|Any CPU.ActiveCfg = Debug|Any CPU
		{B0F7C78B-FC62-41D8-8ADC-1BB72D874AE4}.Debug|Any CPU.Build.0 = Debug|Any CPU
		{B0F7C78B-FC62-41D8-8ADC-1BB72D874AE4}.Release|Any CPU.ActiveCfg = Release|Any CPU
		{B0F7C78B-FC62-41D8-8ADC-1BB72D874AE4}.Release|Any CPU.Build.0 = Release|Any CPU
	EndGlobalSection
	GlobalSection(SolutionProperties) = preSolution
		HideSolutionNode = FALSE
	EndGlobalSection
	GlobalSection(ExtensibilityGlobals) = postSolution
		SolutionGuid = {8748A6DE-1F53-4A20-81C0-2B44526534F2}
	EndGlobalSection
EndGlobal
